
Microsoft Visual Studio Solution File, Format Version 12.00
# Visual Studio 15
VisualStudioVersion = 15.0.27428.2037
MinimumVisualStudioVersion = 10.0.40219.1
Project("{FAE04EC0-301F-11D3-BF4B-00C04F79EFBC}") = "FutScore.Android", "FutScore\FutScore.Android\FutScore.Android.csproj", "{DDA12E42-9BA9-4F49-A7AC-EF27DEC96441}"
EndProject
Project("{FAE04EC0-301F-11D3-BF4B-00C04F79EFBC}") = "FutScore.iOS", "FutScore\FutScore.iOS\FutScore.iOS.csproj", "{63E4FE96-6D05-46A4-848F-5591A86587FE}"
EndProject
Project("{FAE04EC0-301F-11D3-BF4B-00C04F79EFBC}") = "FutScore.UWP", "FutScore\FutScore.UWP\FutScore.UWP.csproj", "{EB70E205-9180-4150-A5F2-6F6C5316E2EC}"
EndProject
Project("{D954291E-2A0B-460D-934E-DC6B0785DB48}") = "FutScore", "FutScore\FutScore\FutScore.shproj", "{54A173AD-8371-4FC1-9080-4BAB8F4297FA}"
EndProject
Global
	GlobalSection(SharedMSBuildProjectFiles) = preSolution
		FutScore\FutScore\FutScore.projitems*{54a173ad-8371-4fc1-9080-4bab8f4297fa}*SharedItemsImports = 13
		FutScore\FutScore\FutScore.projitems*{63e4fe96-6d05-46a4-848f-5591a86587fe}*SharedItemsImports = 4
		FutScore\FutScore\FutScore.projitems*{dda12e42-9ba9-4f49-a7ac-ef27dec96441}*SharedItemsImports = 4
		FutScore\FutScore\FutScore.projitems*{eb70e205-9180-4150-a5f2-6f6c5316e2ec}*SharedItemsImports = 4
	EndGlobalSection
	GlobalSection(SolutionConfigurationPlatforms) = preSolution
		Ad-Hoc|Any CPU = Ad-Hoc|Any CPU
		Ad-Hoc|ARM = Ad-Hoc|ARM
		Ad-Hoc|iPhone = Ad-Hoc|iPhone
		Ad-Hoc|iPhoneSimulator = Ad-Hoc|iPhoneSimulator
		Ad-Hoc|x64 = Ad-Hoc|x64
		Ad-Hoc|x86 = Ad-Hoc|x86
		AppStore|Any CPU = AppStore|Any CPU
		AppStore|ARM = AppStore|ARM
		AppStore|iPhone = AppStore|iPhone
		AppStore|iPhoneSimulator = AppStore|iPhoneSimulator
		AppStore|x64 = AppStore|x64
		AppStore|x86 = AppStore|x86
		Debug|Any CPU = Debug|Any CPU
		Debug|ARM = Debug|ARM
		Debug|iPhone = Debug|iPhone
		Debug|iPhoneSimulator = Debug|iPhoneSimulator
		Debug|x64 = Debug|x64
		Debug|x86 = Debug|x86
		Release|Any CPU = Release|Any CPU
		Release|ARM = Release|ARM
		Release|iPhone = Release|iPhone
		Release|iPhoneSimulator = Release|iPhoneSimulator
		Release|x64 = Release|x64
		Release|x86 = Release|x86
	EndGlobalSection
	GlobalSection(ProjectConfigurationPlatforms) = postSolution
		{DDA12E42-9BA9-4F49-A7AC-EF27DEC96441}.Ad-Hoc|Any CPU.ActiveCfg = Release|Any CPU
		{DDA12E42-9BA9-4F49-A7AC-EF27DEC96441}.Ad-Hoc|Any CPU.Build.0 = Release|Any CPU
		{DDA12E42-9BA9-4F49-A7AC-EF27DEC96441}.Ad-Hoc|Any CPU.Deploy.0 = Release|Any CPU
		{DDA12E42-9BA9-4F49-A7AC-EF27DEC96441}.Ad-Hoc|ARM.ActiveCfg = Release|Any CPU
		{DDA12E42-9BA9-4F49-A7AC-EF27DEC96441}.Ad-Hoc|ARM.Build.0 = Release|Any CPU
		{DDA12E42-9BA9-4F49-A7AC-EF27DEC96441}.Ad-Hoc|ARM.Deploy.0 = Release|Any CPU
		{DDA12E42-9BA9-4F49-A7AC-EF27DEC96441}.Ad-Hoc|iPhone.ActiveCfg = Release|Any CPU
		{DDA12E42-9BA9-4F49-A7AC-EF27DEC96441}.Ad-Hoc|iPhone.Build.0 = Release|Any CPU
		{DDA12E42-9BA9-4F49-A7AC-EF27DEC96441}.Ad-Hoc|iPhone.Deploy.0 = Release|Any CPU
		{DDA12E42-9BA9-4F49-A7AC-EF27DEC96441}.Ad-Hoc|iPhoneSimulator.ActiveCfg = Release|Any CPU
		{DDA12E42-9BA9-4F49-A7AC-EF27DEC96441}.Ad-Hoc|iPhoneSimulator.Build.0 = Release|Any CPU
		{DDA12E42-9BA9-4F49-A7AC-EF27DEC96441}.Ad-Hoc|iPhoneSimulator.Deploy.0 = Release|Any CPU
		{DDA12E42-9BA9-4F49-A7AC-EF27DEC96441}.Ad-Hoc|x64.ActiveCfg = Release|Any CPU
		{DDA12E42-9BA9-4F49-A7AC-EF27DEC96441}.Ad-Hoc|x64.Build.0 = Release|Any CPU
		{DDA12E42-9BA9-4F49-A7AC-EF27DEC96441}.Ad-Hoc|x64.Deploy.0 = Release|Any CPU
		{DDA12E42-9BA9-4F49-A7AC-EF27DEC96441}.Ad-Hoc|x86.ActiveCfg = Release|Any CPU
		{DDA12E42-9BA9-4F49-A7AC-EF27DEC96441}.Ad-Hoc|x86.Build.0 = Release|Any CPU
		{DDA12E42-9BA9-4F49-A7AC-EF27DEC96441}.Ad-Hoc|x86.Deploy.0 = Release|Any CPU
		{DDA12E42-9BA9-4F49-A7AC-EF27DEC96441}.AppStore|Any CPU.ActiveCfg = Release|Any CPU
		{DDA12E42-9BA9-4F49-A7AC-EF27DEC96441}.AppStore|Any CPU.Build.0 = Release|Any CPU
		{DDA12E42-9BA9-4F49-A7AC-EF27DEC96441}.AppStore|Any CPU.Deploy.0 = Release|Any CPU
		{DDA12E42-9BA9-4F49-A7AC-EF27DEC96441}.AppStore|ARM.ActiveCfg = Release|Any CPU
		{DDA12E42-9BA9-4F49-A7AC-EF27DEC96441}.AppStore|ARM.Build.0 = Release|Any CPU
		{DDA12E42-9BA9-4F49-A7AC-EF27DEC96441}.AppStore|ARM.Deploy.0 = Release|Any CPU
		{DDA12E42-9BA9-4F49-A7AC-EF27DEC96441}.AppStore|iPhone.ActiveCfg = Release|Any CPU
		{DDA12E42-9BA9-4F49-A7AC-EF27DEC96441}.AppStore|iPhone.Build.0 = Release|Any CPU
		{DDA12E42-9BA9-4F49-A7AC-EF27DEC96441}.AppStore|iPhone.Deploy.0 = Release|Any CPU
		{DDA12E42-9BA9-4F49-A7AC-EF27DEC96441}.AppStore|iPhoneSimulator.ActiveCfg = Release|Any CPU
		{DDA12E42-9BA9-4F49-A7AC-EF27DEC96441}.AppStore|iPhoneSimulator.Build.0 = Release|Any CPU
		{DDA12E42-9BA9-4F49-A7AC-EF27DEC96441}.AppStore|iPhoneSimulator.Deploy.0 = Release|Any CPU
		{DDA12E42-9BA9-4F49-A7AC-EF27DEC96441}.AppStore|x64.ActiveCfg = Release|Any CPU
		{DDA12E42-9BA9-4F49-A7AC-EF27DEC96441}.AppStore|x64.Build.0 = Release|Any CPU
		{DDA12E42-9BA9-4F49-A7AC-EF27DEC96441}.AppStore|x64.Deploy.0 = Release|Any CPU
		{DDA12E42-9BA9-4F49-A7AC-EF27DEC96441}.AppStore|x86.ActiveCfg = Release|Any CPU
		{DDA12E42-9BA9-4F49-A7AC-EF27DEC96441}.AppStore|x86.Build.0 = Release|Any CPU
		{DDA12E42-9BA9-4F49-A7AC-EF27DEC96441}.AppStore|x86.Deploy.0 = Release|Any CPU
		{DDA12E42-9BA9-4F49-A7AC-EF27DEC96441}.Debug|Any CPU.ActiveCfg = Debug|Any CPU
		{DDA12E42-9BA9-4F49-A7AC-EF27DEC96441}.Debug|Any CPU.Build.0 = Debug|Any CPU
		{DDA12E42-9BA9-4F49-A7AC-EF27DEC96441}.Debug|Any CPU.Deploy.0 = Debug|Any CPU
		{DDA12E42-9BA9-4F49-A7AC-EF27DEC96441}.Debug|ARM.ActiveCfg = Debug|Any CPU
		{DDA12E42-9BA9-4F49-A7AC-EF27DEC96441}.Debug|ARM.Build.0 = Debug|Any CPU
		{DDA12E42-9BA9-4F49-A7AC-EF27DEC96441}.Debug|ARM.Deploy.0 = Debug|Any CPU
		{DDA12E42-9BA9-4F49-A7AC-EF27DEC96441}.Debug|iPhone.ActiveCfg = Debug|Any CPU
		{DDA12E42-9BA9-4F49-A7AC-EF27DEC96441}.Debug|iPhone.Build.0 = Debug|Any CPU
		{DDA12E42-9BA9-4F49-A7AC-EF27DEC96441}.Debug|iPhone.Deploy.0 = Debug|Any CPU
		{DDA12E42-9BA9-4F49-A7AC-EF27DEC96441}.Debug|iPhoneSimulator.ActiveCfg = Debug|Any CPU
		{DDA12E42-9BA9-4F49-A7AC-EF27DEC96441}.Debug|iPhoneSimulator.Build.0 = Debug|Any CPU
		{DDA12E42-9BA9-4F49-A7AC-EF27DEC96441}.Debug|iPhoneSimulator.Deploy.0 = Debug|Any CPU
		{DDA12E42-9BA9-4F49-A7AC-EF27DEC96441}.Debug|x64.ActiveCfg = Debug|Any CPU
		{DDA12E42-9BA9-4F49-A7AC-EF27DEC96441}.Debug|x64.Build.0 = Debug|Any CPU
		{DDA12E42-9BA9-4F49-A7AC-EF27DEC96441}.Debug|x64.Deploy.0 = Debug|Any CPU
		{DDA12E42-9BA9-4F49-A7AC-EF27DEC96441}.Debug|x86.ActiveCfg = Debug|Any CPU
		{DDA12E42-9BA9-4F49-A7AC-EF27DEC96441}.Debug|x86.Build.0 = Debug|Any CPU
		{DDA12E42-9BA9-4F49-A7AC-EF27DEC96441}.Debug|x86.Deploy.0 = Debug|Any CPU
		{DDA12E42-9BA9-4F49-A7AC-EF27DEC96441}.Release|Any CPU.ActiveCfg = Release|Any CPU
		{DDA12E42-9BA9-4F49-A7AC-EF27DEC96441}.Release|Any CPU.Build.0 = Release|Any CPU
		{DDA12E42-9BA9-4F49-A7AC-EF27DEC96441}.Release|Any CPU.Deploy.0 = Release|Any CPU
		{DDA12E42-9BA9-4F49-A7AC-EF27DEC96441}.Release|ARM.ActiveCfg = Release|Any CPU
		{DDA12E42-9BA9-4F49-A7AC-EF27DEC96441}.Release|ARM.Build.0 = Release|Any CPU
		{DDA12E42-9BA9-4F49-A7AC-EF27DEC96441}.Release|ARM.Deploy.0 = Release|Any CPU
		{DDA12E42-9BA9-4F49-A7AC-EF27DEC96441}.Release|iPhone.ActiveCfg = Release|Any CPU
		{DDA12E42-9BA9-4F49-A7AC-EF27DEC96441}.Release|iPhone.Build.0 = Release|Any CPU
		{DDA12E42-9BA9-4F49-A7AC-EF27DEC96441}.Release|iPhone.Deploy.0 = Release|Any CPU
		{DDA12E42-9BA9-4F49-A7AC-EF27DEC96441}.Release|iPhoneSimulator.ActiveCfg = Release|Any CPU
		{DDA12E42-9BA9-4F49-A7AC-EF27DEC96441}.Release|iPhoneSimulator.Build.0 = Release|Any CPU
		{DDA12E42-9BA9-4F49-A7AC-EF27DEC96441}.Release|iPhoneSimulator.Deploy.0 = Release|Any CPU
		{DDA12E42-9BA9-4F49-A7AC-EF27DEC96441}.Release|x64.ActiveCfg = Release|Any CPU
		{DDA12E42-9BA9-4F49-A7AC-EF27DEC96441}.Release|x64.Build.0 = Release|Any CPU
		{DDA12E42-9BA9-4F49-A7AC-EF27DEC96441}.Release|x64.Deploy.0 = Release|Any CPU
		{DDA12E42-9BA9-4F49-A7AC-EF27DEC96441}.Release|x86.ActiveCfg = Release|Any CPU
		{DDA12E42-9BA9-4F49-A7AC-EF27DEC96441}.Release|x86.Build.0 = Release|Any CPU
		{DDA12E42-9BA9-4F49-A7AC-EF27DEC96441}.Release|x86.Deploy.0 = Release|Any CPU
		{63E4FE96-6D05-46A4-848F-5591A86587FE}.Ad-Hoc|Any CPU.ActiveCfg = Ad-Hoc|iPhone
		{63E4FE96-6D05-46A4-848F-5591A86587FE}.Ad-Hoc|ARM.ActiveCfg = Ad-Hoc|iPhone
		{63E4FE96-6D05-46A4-848F-5591A86587FE}.Ad-Hoc|iPhone.ActiveCfg = Ad-Hoc|iPhone
		{63E4FE96-6D05-46A4-848F-5591A86587FE}.Ad-Hoc|iPhone.Build.0 = Ad-Hoc|iPhone
		{63E4FE96-6D05-46A4-848F-5591A86587FE}.Ad-Hoc|iPhoneSimulator.ActiveCfg = Ad-Hoc|iPhoneSimulator
		{63E4FE96-6D05-46A4-848F-5591A86587FE}.Ad-Hoc|iPhoneSimulator.Build.0 = Ad-Hoc|iPhoneSimulator
		{63E4FE96-6D05-46A4-848F-5591A86587FE}.Ad-Hoc|x64.ActiveCfg = Ad-Hoc|iPhone
		{63E4FE96-6D05-46A4-848F-5591A86587FE}.Ad-Hoc|x86.ActiveCfg = Ad-Hoc|iPhone
		{63E4FE96-6D05-46A4-848F-5591A86587FE}.AppStore|Any CPU.ActiveCfg = AppStore|iPhone
		{63E4FE96-6D05-46A4-848F-5591A86587FE}.AppStore|ARM.ActiveCfg = AppStore|iPhone
		{63E4FE96-6D05-46A4-848F-5591A86587FE}.AppStore|iPhone.ActiveCfg = AppStore|iPhone
		{63E4FE96-6D05-46A4-848F-5591A86587FE}.AppStore|iPhone.Build.0 = AppStore|iPhone
		{63E4FE96-6D05-46A4-848F-5591A86587FE}.AppStore|iPhoneSimulator.ActiveCfg = AppStore|iPhoneSimulator
		{63E4FE96-6D05-46A4-848F-5591A86587FE}.AppStore|iPhoneSimulator.Build.0 = AppStore|iPhoneSimulator
		{63E4FE96-6D05-46A4-848F-5591A86587FE}.AppStore|x64.ActiveCfg = AppStore|iPhone
		{63E4FE96-6D05-46A4-848F-5591A86587FE}.AppStore|x86.ActiveCfg = AppStore|iPhone
		{63E4FE96-6D05-46A4-848F-5591A86587FE}.Debug|Any CPU.ActiveCfg = Debug|iPhone
		{63E4FE96-6D05-46A4-848F-5591A86587FE}.Debug|ARM.ActiveCfg = Debug|iPhone
		{63E4FE96-6D05-46A4-848F-5591A86587FE}.Debug|iPhone.ActiveCfg = Debug|iPhone
		{63E4FE96-6D05-46A4-848F-5591A86587FE}.Debug|iPhone.Build.0 = Debug|iPhone
		{63E4FE96-6D05-46A4-848F-5591A86587FE}.Debug|iPhoneSimulator.ActiveCfg = Debug|iPhoneSimulator
		{63E4FE96-6D05-46A4-848F-5591A86587FE}.Debug|iPhoneSimulator.Build.0 = Debug|iPhoneSimulator
		{63E4FE96-6D05-46A4-848F-5591A86587FE}.Debug|x64.ActiveCfg = Debug|iPhone
		{63E4FE96-6D05-46A4-848F-5591A86587FE}.Debug|x86.ActiveCfg = Debug|iPhone
		{63E4FE96-6D05-46A4-848F-5591A86587FE}.Release|Any CPU.ActiveCfg = Release|iPhone
		{63E4FE96-6D05-46A4-848F-5591A86587FE}.Release|ARM.ActiveCfg = Release|iPhone
		{63E4FE96-6D05-46A4-848F-5591A86587FE}.Release|iPhone.ActiveCfg = Release|iPhone
		{63E4FE96-6D05-46A4-848F-5591A86587FE}.Release|iPhone.Build.0 = Release|iPhone
		{63E4FE96-6D05-46A4-848F-5591A86587FE}.Release|iPhoneSimulator.ActiveCfg = Release|iPhoneSimulator
		{63E4FE96-6D05-46A4-848F-5591A86587FE}.Release|iPhoneSimulator.Build.0 = Release|iPhoneSimulator
		{63E4FE96-6D05-46A4-848F-5591A86587FE}.Release|x64.ActiveCfg = Release|iPhone
		{63E4FE96-6D05-46A4-848F-5591A86587FE}.Release|x86.ActiveCfg = Release|iPhone
		{EB70E205-9180-4150-A5F2-6F6C5316E2EC}.Ad-Hoc|Any CPU.ActiveCfg = Release|x86
		{EB70E205-9180-4150-A5F2-6F6C5316E2EC}.Ad-Hoc|Any CPU.Build.0 = Release|x86
		{EB70E205-9180-4150-A5F2-6F6C5316E2EC}.Ad-Hoc|Any CPU.Deploy.0 = Release|x86
		{EB70E205-9180-4150-A5F2-6F6C5316E2EC}.Ad-Hoc|ARM.ActiveCfg = Release|ARM
		{EB70E205-9180-4150-A5F2-6F6C5316E2EC}.Ad-Hoc|ARM.Build.0 = Release|ARM
		{EB70E205-9180-4150-A5F2-6F6C5316E2EC}.Ad-Hoc|ARM.Deploy.0 = Release|ARM
		{EB70E205-9180-4150-A5F2-6F6C5316E2EC}.Ad-Hoc|iPhone.ActiveCfg = Release|x86
		{EB70E205-9180-4150-A5F2-6F6C5316E2EC}.Ad-Hoc|iPhone.Build.0 = Release|x86
		{EB70E205-9180-4150-A5F2-6F6C5316E2EC}.Ad-Hoc|iPhone.Deploy.0 = Release|x86
		{EB70E205-9180-4150-A5F2-6F6C5316E2EC}.Ad-Hoc|iPhoneSimulator.ActiveCfg = Release|x86
		{EB70E205-9180-4150-A5F2-6F6C5316E2EC}.Ad-Hoc|iPhoneSimulator.Build.0 = Release|x86
		{EB70E205-9180-4150-A5F2-6F6C5316E2EC}.Ad-Hoc|iPhoneSimulator.Deploy.0 = Release|x86
		{EB70E205-9180-4150-A5F2-6F6C5316E2EC}.Ad-Hoc|x64.ActiveCfg = Release|x64
		{EB70E205-9180-4150-A5F2-6F6C5316E2EC}.Ad-Hoc|x64.Build.0 = Release|x64
		{EB70E205-9180-4150-A5F2-6F6C5316E2EC}.Ad-Hoc|x64.Deploy.0 = Release|x64
		{EB70E205-9180-4150-A5F2-6F6C5316E2EC}.Ad-Hoc|x86.ActiveCfg = Release|x86
		{EB70E205-9180-4150-A5F2-6F6C5316E2EC}.Ad-Hoc|x86.Build.0 = Release|x86
		{EB70E205-9180-4150-A5F2-6F6C5316E2EC}.Ad-Hoc|x86.Deploy.0 = Release|x86
		{EB70E205-9180-4150-A5F2-6F6C5316E2EC}.AppStore|Any CPU.ActiveCfg = Release|x86
		{EB70E205-9180-4150-A5F2-6F6C5316E2EC}.AppStore|Any CPU.Build.0 = Release|x86
		{EB70E205-9180-4150-A5F2-6F6C5316E2EC}.AppStore|Any CPU.Deploy.0 = Release|x86
		{EB70E205-9180-4150-A5F2-6F6C5316E2EC}.AppStore|ARM.ActiveCfg = Release|ARM
		{EB70E205-9180-4150-A5F2-6F6C5316E2EC}.AppStore|ARM.Build.0 = Release|ARM
		{EB70E205-9180-4150-A5F2-6F6C5316E2EC}.AppStore|ARM.Deploy.0 = Release|ARM
		{EB70E205-9180-4150-A5F2-6F6C5316E2EC}.AppStore|iPhone.ActiveCfg = Release|x86
		{EB70E205-9180-4150-A5F2-6F6C5316E2EC}.AppStore|iPhone.Build.0 = Release|x86
		{EB70E205-9180-4150-A5F2-6F6C5316E2EC}.AppStore|iPhone.Deploy.0 = Release|x86
		{EB70E205-9180-4150-A5F2-6F6C5316E2EC}.AppStore|iPhoneSimulator.ActiveCfg = Release|x86
		{EB70E205-9180-4150-A5F2-6F6C5316E2EC}.AppStore|iPhoneSimulator.Build.0 = Release|x86
		{EB70E205-9180-4150-A5F2-6F6C5316E2EC}.AppStore|iPhoneSimulator.Deploy.0 = Release|x86
		{EB70E205-9180-4150-A5F2-6F6C5316E2EC}.AppStore|x64.ActiveCfg = Release|x64
		{EB70E205-9180-4150-A5F2-6F6C5316E2EC}.AppStore|x64.Build.0 = Release|x64
		{EB70E205-9180-4150-A5F2-6F6C5316E2EC}.AppStore|x64.Deploy.0 = Release|x64
		{EB70E205-9180-4150-A5F2-6F6C5316E2EC}.AppStore|x86.ActiveCfg = Release|x86
		{EB70E205-9180-4150-A5F2-6F6C5316E2EC}.AppStore|x86.Build.0 = Release|x86
		{EB70E205-9180-4150-A5F2-6F6C5316E2EC}.AppStore|x86.Deploy.0 = Release|x86
		{EB70E205-9180-4150-A5F2-6F6C5316E2EC}.Debug|Any CPU.ActiveCfg = Debug|x86
		{EB70E205-9180-4150-A5F2-6F6C5316E2EC}.Debug|ARM.ActiveCfg = Debug|ARM
		{EB70E205-9180-4150-A5F2-6F6C5316E2EC}.Debug|ARM.Build.0 = Debug|ARM
		{EB70E205-9180-4150-A5F2-6F6C5316E2EC}.Debug|ARM.Deploy.0 = Debug|ARM
		{EB70E205-9180-4150-A5F2-6F6C5316E2EC}.Debug|iPhone.ActiveCfg = Debug|x86
		{EB70E205-9180-4150-A5F2-6F6C5316E2EC}.Debug|iPhoneSimulator.ActiveCfg = Debug|x86
		{EB70E205-9180-4150-A5F2-6F6C5316E2EC}.Debug|x64.ActiveCfg = Debug|x64
		{EB70E205-9180-4150-A5F2-6F6C5316E2EC}.Debug|x64.Build.0 = Debug|x64
		{EB70E205-9180-4150-A5F2-6F6C5316E2EC}.Debug|x64.Deploy.0 = Debug|x64
		{EB70E205-9180-4150-A5F2-6F6C5316E2EC}.Debug|x86.ActiveCfg = Debug|x86
		{EB70E205-9180-4150-A5F2-6F6C5316E2EC}.Debug|x86.Build.0 = Debug|x86
		{EB70E205-9180-4150-A5F2-6F6C5316E2EC}.Debug|x86.Deploy.0 = Debug|x86
		{EB70E205-9180-4150-A5F2-6F6C5316E2EC}.Release|Any CPU.ActiveCfg = Release|x86
		{EB70E205-9180-4150-A5F2-6F6C5316E2EC}.Release|ARM.ActiveCfg = Release|ARM
		{EB70E205-9180-4150-A5F2-6F6C5316E2EC}.Release|ARM.Build.0 = Release|ARM
		{EB70E205-9180-4150-A5F2-6F6C5316E2EC}.Release|ARM.Deploy.0 = Release|ARM
		{EB70E205-9180-4150-A5F2-6F6C5316E2EC}.Release|iPhone.ActiveCfg = Release|x86
		{EB70E205-9180-4150-A5F2-6F6C5316E2EC}.Release|iPhoneSimulator.ActiveCfg = Release|x86
		{EB70E205-9180-4150-A5F2-6F6C5316E2EC}.Release|x64.ActiveCfg = Release|x64
		{EB70E205-9180-4150-A5F2-6F6C5316E2EC}.Release|x64.Build.0 = Release|x64
		{EB70E205-9180-4150-A5F2-6F6C5316E2EC}.Release|x64.Deploy.0 = Release|x64
		{EB70E205-9180-4150-A5F2-6F6C5316E2EC}.Release|x86.ActiveCfg = Release|x86
		{EB70E205-9180-4150-A5F2-6F6C5316E2EC}.Release|x86.Build.0 = Release|x86
		{EB70E205-9180-4150-A5F2-6F6C5316E2EC}.Release|x86.Deploy.0 = Release|x86
	EndGlobalSection
	GlobalSection(SolutionProperties) = preSolution
		HideSolutionNode = FALSE
	EndGlobalSection
	GlobalSection(ExtensibilityGlobals) = postSolution
		SolutionGuid = {729FDF3F-88A0-4429-833D-935E0C1101D8}
	EndGlobalSection
EndGlobal
